
Microsoft Visual Studio Solution File, Format Version 12.00
# Visual Studio Version 17
VisualStudioVersion = 17.4.33006.217
MinimumVisualStudioVersion = 10.0.40219.1
Project("{9A19103F-16F7-4668-BE54-9A1E7A4F7556}") = "FileSyncSDK.Demo", "FileSyncSDK.Demo\FileSyncSDK.Demo.csproj", "{F3B52AB3-FE2B-4F62-85E8-5A924820E664}"
EndProject
Project("{9A19103F-16F7-4668-BE54-9A1E7A4F7556}") = "FileSyncSDK", "FileSyncSDK\FileSyncSDK.csproj", "{891E9848-511F-4E69-A26A-C39C34B1C862}"
EndProject
Global
	GlobalSection(SolutionConfigurationPlatforms) = preSolution
		Debug|Any CPU = Debug|Any CPU
		Release|Any CPU = Release|Any CPU
	EndGlobalSection
	GlobalSection(ProjectConfigurationPlatforms) = postSolution
		{F3B52AB3-FE2B-4F62-85E8-5A924820E664}.Debug|Any CPU.ActiveCfg = Debug|Any CPU
		{F3B52AB3-FE2B-4F62-85E8-5A924820E664}.Debug|Any CPU.Build.0 = Debug|Any CPU
		{F3B52AB3-FE2B-4F62-85E8-5A924820E664}.Release|Any CPU.ActiveCfg = Release|Any CPU
		{F3B52AB3-FE2B-4F62-85E8-5A924820E664}.Release|Any CPU.Build.0 = Release|Any CPU
		{891E9848-511F-4E69-A26A-C39C34B1C862}.Debug|Any CPU.ActiveCfg = Debug|Any CPU
		{891E9848-511F-4E69-A26A-C39C34B1C862}.Debug|Any CPU.Build.0 = Debug|Any CPU
		{891E9848-511F-4E69-A26A-C39C34B1C862}.Release|Any CPU.ActiveCfg = Release|Any CPU
		{891E9848-511F-4E69-A26A-C39C34B1C862}.Release|Any CPU.Build.0 = Release|Any CPU
	EndGlobalSection
	GlobalSection(SolutionProperties) = preSolution
		HideSolutionNode = FALSE
	EndGlobalSection
	GlobalSection(ExtensibilityGlobals) = postSolution
		SolutionGuid = {5582C29F-2B33-47CE-8069-E2DFD39E009E}
	EndGlobalSection
EndGlobal
